lockfileVersion: '9.0'

settings:
  autoInstallPeers: true
  excludeLinksFromLockfile: false

importers:

  .:
    dependencies:
      phoenix:
        specifier: ^1.8.8
        version: 1.8.9
      ws:
        specifier: ^8.21.0
        version: 8.21.3

packages:

  phoenix@1.8.9:
    resolution: {integrity: sha512-/2qzAZB3P2s08fFAYaG65lqaNFmVXUSlXdY4/JDdDKIC81y2cFWkPwI8gycy4VLpv197JwZ5PpBf3VhoG32yGA==}

  ws@8.21.3:
    resolution: {integrity: sha512-201TZ/kPWxoPr/OKWjquZR1SWKXcvxdH+e1xrx89b3YbmzLMFCLfnaG1HFIgWzJOEWZ7MvpK++odZufgYR50Rw==}
    engines: {node: '>=10.0.0'}
    peerDependencies:
      bufferutil: ^4.0.1
      utf-8-validate: '>=5.0.2'
    peerDependenciesMeta:
      bufferutil:
        optional: true
      utf-8-validate:
        optional: true

snapshots:

  phoenix@1.8.9: {}

  ws@8.21.3: {}
