lockfileVersion: '9.0'

settings:
  autoInstallPeers: true
  excludeLinksFromLockfile: false

importers:

  .:
    devDependencies:
      puppeteer:
        specifier: ^25.3.0
        version: 25.9.0

packages:

  '@puppeteer/browsers@3.2.1':
    resolution: {integrity: sha1-PlUhOXXD5XTHfBq8f+0+lHwBq0c=, tarball: https://ms-feed-25.pkgs.visualstudio.com/1es-public/_packaging/npm-public/npm/registry/@puppeteer/browsers/-/browsers-3.2.1.tgz}
    engines: {node: '>=22.12.0'}
    hasBin: true
    peerDependencies:
      proxy-agent: '>=8.0.1'
      yauzl: ^2.10.0 || ^3.4.0
    peerDependenciesMeta:
      proxy-agent:
        optional: true
      yauzl:
        optional: true

  ansi-regex@6.3.0:
    resolution: {integrity: sha1-JHyOe3ChpDsQzhTAIm/L9Y6IFdU=, tarball: https://ms-feed-25.pkgs.visualstudio.com/1es-public/_packaging/npm-public/npm/registry/ansi-regex/-/ansi-regex-6.3.0.tgz}
    engines: {node: '>=12'}

  ansi-styles@6.2.3:
    resolution: {integrity: sha1-wETV3MUhoHZBNHJZehrLHxA8QEE=, tarball: https://ms-feed-25.pkgs.visualstudio.com/1es-public/_packaging/npm-public/npm/registry/ansi-styles/-/ansi-styles-6.2.3.tgz}
    engines: {node: '>=12'}

  chromium-bidi@17.0.2:
    resolution: {integrity: sha1-khpYbe7NDC2LkkLEwbc8OqOf93w=, tarball: https://ms-feed-17.pkgs.visualstudio.com/1es-public/_packaging/npm-public/npm/registry/chromium-bidi/-/chromium-bidi-17.0.2.tgz}
    engines: {node: '>=20.19.0 <22.0.0 || >=22.12.0'}
    peerDependencies:
      devtools-protocol: '*'

  cliui@9.0.1:
    resolution: {integrity: sha1-b3iQ84b28feZU63B943sRvzC0pE=, tarball: https://ms-feed-25.pkgs.visualstudio.com/1es-public/_packaging/npm-public/npm/registry/cliui/-/cliui-9.0.1.tgz}
    engines: {node: '>=20'}

  devtools-protocol@0.0.1666840:
    resolution: {integrity: sha1-eWy8MH+CdQr8E6O0ccgpvz2hmmU=, tarball: https://ms-feed-2.pkgs.visualstudio.com/1es-public/_packaging/npm-public/npm/registry/devtools-protocol/-/devtools-protocol-0.0.1666840.tgz}

  emoji-regex@10.6.0:
    resolution: {integrity: sha1-vz1uj3+P0ipl2XA0dbwBRzV6aw0=, tarball: https://ms-feed-25.pkgs.visualstudio.com/1es-public/_packaging/npm-public/npm/registry/emoji-regex/-/emoji-regex-10.6.0.tgz}

  escalade@3.2.0:
    resolution: {integrity: sha1-ARo/aYVroYnf+n3I/M6Z0qh5A+U=, tarball: https://ms-feed-25.pkgs.visualstudio.com/1es-public/_packaging/npm-public/npm/registry/escalade/-/escalade-3.2.0.tgz}
    engines: {node: '>=6'}

  get-caller-file@2.0.5:
    resolution: {integrity: sha1-T5RBKoLbMvNuOwuXQfipf+sDH34=, tarball: https://ms-feed-25.pkgs.visualstudio.com/1es-public/_packaging/npm-public/npm/registry/get-caller-file/-/get-caller-file-2.0.5.tgz}
    engines: {node: 6.* || 8.* || >= 10.*}

  get-east-asian-width@1.6.0:
    resolution: {integrity: sha1-IWkA+R3xGossGYw+HZPWwDWndrk=, tarball: https://ms-feed-25.pkgs.visualstudio.com/1es-public/_packaging/npm-public/npm/registry/get-east-asian-width/-/get-east-asian-width-1.6.0.tgz}
    engines: {node: '>=18'}

  lilconfig@3.1.3:
    resolution: {integrity: sha1-obz9Ylf5WFv1rhTO7rt7VZAl5MQ=, tarball: https://ms-feed-25.pkgs.visualstudio.com/1es-public/_packaging/npm-public/npm/registry/lilconfig/-/lilconfig-3.1.3.tgz}
    engines: {node: '>=14'}

  mitt@3.0.1:
    resolution: {integrity: sha1-6jbPDMMEA2Aa4HTI93twks2rNtE=, tarball: https://ms-feed-25.pkgs.visualstudio.com/1es-public/_packaging/npm-public/npm/registry/mitt/-/mitt-3.0.1.tgz}

  modern-tar@0.8.4:
    resolution: {integrity: sha1-JdLeL1IiUAEvM6OzZkALSXQfa44=, tarball: https://ms-feed-25.pkgs.visualstudio.com/1es-public/_packaging/npm-public/npm/registry/modern-tar/-/modern-tar-0.8.4.tgz}
    engines: {node: '>=18.0.0'}

  puppeteer-core@25.9.0:
    resolution: {integrity: sha1-JXosoizkpWs8MEVUNGjNSlKqAAM=, tarball: https://ms-feed-25.pkgs.visualstudio.com/1es-public/_packaging/npm-public/npm/registry/puppeteer-core/-/puppeteer-core-25.9.0.tgz}
    engines: {node: '>=22.12.0'}

  puppeteer@25.9.0:
    resolution: {integrity: sha1-YyaCkbQPJx7B+KbAaiXgDCpE4vc=, tarball: https://ms-feed-25.pkgs.visualstudio.com/1es-public/_packaging/npm-public/npm/registry/puppeteer/-/puppeteer-25.9.0.tgz}
    engines: {node: '>=22.12.0'}
    hasBin: true

  string-width@7.2.0:
    resolution: {integrity: sha1-tbuOIWXOJ11NQ0dt0nAK2Qkdttw=, tarball: https://ms-feed-25.pkgs.visualstudio.com/1es-public/_packaging/npm-public/npm/registry/string-width/-/string-width-7.2.0.tgz}
    engines: {node: '>=18'}

  string-width@8.2.2:
    resolution: {integrity: sha1-cxBRZJPfV1dC/pivb66H2F1e0Kw=, tarball: https://ms-feed-25.pkgs.visualstudio.com/1es-public/_packaging/npm-public/npm/registry/string-width/-/string-width-8.2.2.tgz}
    engines: {node: '>=20'}

  strip-ansi@7.2.0:
    resolution: {integrity: sha1-0iomlSKDamJ6+NBLXD/Sx/o+MuM=, tarball: https://ms-feed-25.pkgs.visualstudio.com/1es-public/_packaging/npm-public/npm/registry/strip-ansi/-/strip-ansi-7.2.0.tgz}
    engines: {node: '>=12'}

  typed-query-selector@2.12.2:
    resolution: {integrity: sha1-ZeJGKsawrs+uG/rBpPMCcHDbq6o=, tarball: https://ms-feed-25.pkgs.visualstudio.com/1es-public/_packaging/npm-public/npm/registry/typed-query-selector/-/typed-query-selector-2.12.2.tgz}

  webdriver-bidi-protocol@0.4.2:
    resolution: {integrity: sha1-9Ru3HCYG6Q49VydgfHKLJdYXtYs=, tarball: https://ms-feed-17.pkgs.visualstudio.com/1es-public/_packaging/npm-public/npm/registry/webdriver-bidi-protocol/-/webdriver-bidi-protocol-0.4.2.tgz}

  wrap-ansi@9.0.2:
    resolution: {integrity: sha1-lWgy3qlJQwbm0gnrhxZDu4c9fJg=, tarball: https://ms-feed-25.pkgs.visualstudio.com/1es-public/_packaging/npm-public/npm/registry/wrap-ansi/-/wrap-ansi-9.0.2.tgz}
    engines: {node: '>=18'}

  ws@8.21.3:
    resolution: {integrity: sha1-ZgtPrdtqPldchuB4EmkZlh9N5Pw=, tarball: https://ms-feed-25.pkgs.visualstudio.com/1es-public/_packaging/npm-public/npm/registry/ws/-/ws-8.21.3.tgz}
    engines: {node: '>=10.0.0'}
    peerDependencies:
      bufferutil: ^4.0.1
      utf-8-validate: '>=5.0.2'
    peerDependenciesMeta:
      bufferutil:
        optional: true
      utf-8-validate:
        optional: true

  y18n@5.0.8:
    resolution: {integrity: sha1-f0k00PfKjFb5UxSTndzS3ZHOHVU=, tarball: https://ms-feed-25.pkgs.visualstudio.com/1es-public/_packaging/npm-public/npm/registry/y18n/-/y18n-5.0.8.tgz}
    engines: {node: '>=10'}

  yargs-parser@22.0.0:
    resolution: {integrity: sha1-h7gglAUbBWdxc0bs0A/RSASzV8g=, tarball: https://ms-feed-25.pkgs.visualstudio.com/1es-public/_packaging/npm-public/npm/registry/yargs-parser/-/yargs-parser-22.0.0.tgz}
    engines: {node: ^20.19.0 || ^22.12.0 || >=23}

  yargs@18.1.0:
    resolution: {integrity: sha1-zX6YxwPvUWlbu/Bi7VjyjpQpG1Y=, tarball: https://ms-feed-25.pkgs.visualstudio.com/1es-public/_packaging/npm-public/npm/registry/yargs/-/yargs-18.1.0.tgz}
    engines: {node: ^20.19.0 || ^22.12.0 || >=23}

  zod@3.25.76:
    resolution: {integrity: sha1-JoQcP2/SKmonYOfMtxkXl2hHHjQ=, tarball: https://ms-feed-25.pkgs.visualstudio.com/1es-public/_packaging/npm-public/npm/registry/zod/-/zod-3.25.76.tgz}

snapshots:

  '@puppeteer/browsers@3.2.1':
    dependencies:
      modern-tar: 0.8.4
      yargs: 18.1.0

  ansi-regex@6.3.0: {}

  ansi-styles@6.2.3: {}

  chromium-bidi@17.0.2(devtools-protocol@0.0.1666840):
    dependencies:
      devtools-protocol: 0.0.1666840
      mitt: 3.0.1
      zod: 3.25.76

  cliui@9.0.1:
    dependencies:
      string-width: 7.2.0
      strip-ansi: 7.2.0
      wrap-ansi: 9.0.2

  devtools-protocol@0.0.1666840: {}

  emoji-regex@10.6.0: {}

  escalade@3.2.0: {}

  get-caller-file@2.0.5: {}

  get-east-asian-width@1.6.0: {}

  lilconfig@3.1.3: {}

  mitt@3.0.1: {}

  modern-tar@0.8.4: {}

  puppeteer-core@25.9.0:
    dependencies:
      '@puppeteer/browsers': 3.2.1
      chromium-bidi: 17.0.2(devtools-protocol@0.0.1666840)
      devtools-protocol: 0.0.1666840
      typed-query-selector: 2.12.2
      webdriver-bidi-protocol: 0.4.2
      ws: 8.21.3
    transitivePeerDependencies:
      - bufferutil
      - proxy-agent
      - utf-8-validate
      - yauzl

  puppeteer@25.9.0:
    dependencies:
      '@puppeteer/browsers': 3.2.1
      chromium-bidi: 17.0.2(devtools-protocol@0.0.1666840)
      devtools-protocol: 0.0.1666840
      lilconfig: 3.1.3
      puppeteer-core: 25.9.0
      typed-query-selector: 2.12.2
    transitivePeerDependencies:
      - bufferutil
      - proxy-agent
      - utf-8-validate
      - yauzl

  string-width@7.2.0:
    dependencies:
      emoji-regex: 10.6.0
      get-east-asian-width: 1.6.0
      strip-ansi: 7.2.0

  string-width@8.2.2:
    dependencies:
      get-east-asian-width: 1.6.0
      strip-ansi: 7.2.0

  strip-ansi@7.2.0:
    dependencies:
      ansi-regex: 6.3.0

  typed-query-selector@2.12.2: {}

  webdriver-bidi-protocol@0.4.2: {}

  wrap-ansi@9.0.2:
    dependencies:
      ansi-styles: 6.2.3
      string-width: 7.2.0
      strip-ansi: 7.2.0

  ws@8.21.3: {}

  y18n@5.0.8: {}

  yargs-parser@22.0.0: {}

  yargs@18.1.0:
    dependencies:
      cliui: 9.0.1
      escalade: 3.2.0
      get-caller-file: 2.0.5
      string-width: 8.2.2
      y18n: 5.0.8
      yargs-parser: 22.0.0

  zod@3.25.76: {}
