lockfileVersion: '9.0'

settings:
  autoInstallPeers: true
  excludeLinksFromLockfile: false

importers:

  .:
    dependencies:
      '@astrojs/compiler':
        specifier: 4.0.0
        version: 4.0.0
      typescript:
        specifier: 5.9.3
        version: 5.9.3

packages:

  '@astrojs/compiler@4.0.0':
    resolution: {integrity: sha512-eouss7G8ygdZqHuke033VMcVw5HTZUu+PXd/h06DGDUg/jt5btPYPqh66ENWw/mU78rBrf/oeC4oqoBwMtDMNA==}

  typescript@5.9.3:
    resolution: {integrity: sha512-jl1vZzPDinLr9eUt3J/t7V6FgNEw9QjvBPdysz9KfQDD41fQrC2Y4vKQdiaUpFT4bXlb1RHhLpp8wtm6M5TgSw==}
    engines: {node: '>=14.17'}
    hasBin: true

snapshots:

  '@astrojs/compiler@4.0.0': {}

  typescript@5.9.3: {}
